
Microsoft Visual Studio Solution File, Format Version 12.00
# Visual Studio Version 16
VisualStudioVersion = 16.0.29503.13
MinimumVisualStudioVersion = 10.0.40219.1
Project("{FAE04EC0-301F-11D3-BF4B-00C04F79EFBC}") = "Karban", "Karban.csproj", "{5DFF9986-ADB8-4EB3-A131-728353ECE87E}"
EndProject
Global
	GlobalSection(SolutionConfigurationPlatforms) = preSolution
		Debug|Any CPU = Debug|Any CPU
		Release|Any CPU = Release|Any CPU
	EndGlobalSection
	GlobalSection(ProjectConfigurationPlatforms) = postSolution
		{5DFF9986-ADB8-4EB3-A131-728353ECE87E}.Debug|Any CPU.ActiveCfg = Debug|Any CPU
		{5DFF9986-ADB8-4EB3-A131-728353ECE87E}.Debug|Any CPU.Build.0 = Debug|Any CPU
		{5DFF9986-ADB8-4EB3-A131-728353ECE87E}.Release|Any CPU.ActiveCfg = Release|Any CPU
		{5DFF9986-ADB8-4EB3-A131-728353ECE87E}.Release|Any CPU.Build.0 = Release|Any CPU
	EndGlobalSection
	GlobalSection(SolutionProperties) = preSolution
		HideSolutionNode = FALSE
	EndGlobalSection
	GlobalSection(ExtensibilityGlobals) = postSolution
		SolutionGuid = {08266B2C-6FE2-44F1-8897-261F5EB7C70E}
	EndGlobalSection
EndGlobal
